
Microsoft Visual Studio Solution File, Format Version 12.00
# Visual Studio Version 17
VisualStudioVersion = 17.5.33516.290
MinimumVisualStudioVersion = 10.0.40219.1
Project("{FAE04EC0-301F-11D3-BF4B-00C04F79EFBC}") = "Ages", "Ages\Ages.csproj", "{FB311FF2-0414-43B7-83C3-2D9090D84D93}"
EndProject
Global
	GlobalSection(SolutionConfigurationPlatforms) = preSolution
		Debug|Any CPU = Debug|Any CPU
		Release|Any CPU = Release|Any CPU
	EndGlobalSection
	GlobalSection(ProjectConfigurationPlatforms) = postSolution
		{FB311FF2-0414-43B7-83C3-2D9090D84D93}.Debug|Any CPU.ActiveCfg = Debug|Any CPU
		{FB311FF2-0414-43B7-83C3-2D9090D84D93}.Debug|Any CPU.Build.0 = Debug|Any CPU
		{FB311FF2-0414-43B7-83C3-2D9090D84D93}.Release|Any CPU.ActiveCfg = Release|Any CPU
		{FB311FF2-0414-43B7-83C3-2D9090D84D93}.Release|Any CPU.Build.0 = Release|Any CPU
	EndGlobalSection
	GlobalSection(SolutionProperties) = preSolution
		HideSolutionNode = FALSE
	EndGlobalSection
	GlobalSection(ExtensibilityGlobals) = postSolution
		SolutionGuid = {28014B64-7500-40F2-A617-11593D54B393}
	EndGlobalSection
EndGlobal
